// !$*UTF8*$!
{
	archiveVersion = 1;
	classes = {
	};
	objectVersion = 46;
	objects = {

/* Begin PBXBuildFile section */
		C9FBCDD2FC2A481BBD5FECF1 /* libPods.a in Frameworks */ = {isa = PBXBuildFile; fileRef = CFFD532B2F8843C88310B4D4 /* libPods.a */; };
		CB00AD9916BC627300660FD7 /* UserRouteCompletionCell.m in Sources */ = {isa = PBXBuildFile; fileRef = CB00AD9816BC627300660FD7 /* UserRouteCompletionCell.m */; };
		CB00AD9C16BC697000660FD7 /* RouteDetailViewController.m in Sources */ = {isa = PBXBuildFile; fileRef = CB00AD9B16BC697000660FD7 /* RouteDetailViewController.m */; };
		CB00ADA016BC6EAE00660FD7 /* RouteCompletion.m in Sources */ = {isa = PBXBuildFile; fileRef = CB00AD9F16BC6EAE00660FD7 /* RouteCompletion.m */; };
		CB00ADA316BC6F2300660FD7 /* User.m in Sources */ = {isa = PBXBuildFile; fileRef = CB00ADA216BC6F2300660FD7 /* User.m */; };
		CB167C2416CF0335007E2C8C /* 111-user.png in Resources */ = {isa = PBXBuildFile; fileRef = CB167C2316CF0335007E2C8C /* 111-user.png */; };
		CB167C2916CF03BF007E2C8C /* 06-magnify.png in Resources */ = {isa = PBXBuildFile; fileRef = CB167C2816CF03BF007E2C8C /* 06-magnify.png */; };
		CB167C2C16CF7787007E2C8C /* LoginCredentials.m in Sources */ = {isa = PBXBuildFile; fileRef = CB167C2B16CF7787007E2C8C /* LoginCredentials.m */; };
		CB167C3116D1ADF5007E2C8C /* 12809070_s.jpg in Resources */ = {isa = PBXBuildFile; fileRef = CB167C3016D1ADF5007E2C8C /* 12809070_s.jpg */; };
		CB18F90716C594DE007D22D0 /* login_background.jpg in Resources */ = {isa = PBXBuildFile; fileRef = CB18F90616C594DE007D22D0 /* login_background.jpg */; };
		CB21F64A16BB2783007932EC /* libRestKit.a in Frameworks */ = {isa = PBXBuildFile; fileRef = CB21F64116BB2736007932EC /* libRestKit.a */; };
		CB21F65116BB7E6C007932EC /* MappingProvider.m in Sources */ = {isa = PBXBuildFile; fileRef = CB21F65016BB7E6C007932EC /* MappingProvider.m */; };
		CB2682CE16C5C082008E4CBE /* Session.m in Sources */ = {isa = PBXBuildFile; fileRef = CB2682CD16C5C082008E4CBE /* Session.m */; };
		CB3F1B3316D3657E00400EAD /* AddBetaViewController.m in Sources */ = {isa = PBXBuildFile; fileRef = CB3F1B3216D3657E00400EAD /* AddBetaViewController.m */; };
		CB5128B916CD898A007102DE /* RecentClimbsCell.m in Sources */ = {isa = PBXBuildFile; fileRef = CB5128B816CD898A007102DE /* RecentClimbsCell.m */; };
		CB5F612916C44FF200AE4C41 /* Global.m in Sources */ = {isa = PBXBuildFile; fileRef = CB5F612816C44FF200AE4C41 /* Global.m */; };
		CB6BACE616BB8CF400EA2E9F /* Route.m in Sources */ = {isa = PBXBuildFile; fileRef = CB6BACE516BB8CF400EA2E9F /* Route.m */; };
		CB6BACEC16BC403400EA2E9F /* RoutesTableViewController.m in Sources */ = {isa = PBXBuildFile; fileRef = CB6BACEB16BC403400EA2E9F /* RoutesTableViewController.m */; };
		CB898FA716BACEF4009544EC /* UIKit.framework in Frameworks */ = {isa = PBXBuildFile; fileRef = CB898FA616BACEF4009544EC /* UIKit.framework */; };
		CB898FA916BACEF4009544EC /* Foundation.framework in Frameworks */ = {isa = PBXBuildFile; fileRef = CB898FA816BACEF4009544EC /* Foundation.framework */; };
		CB898FAB16BACEF4009544EC /* CoreGraphics.framework in Frameworks */ = {isa = PBXBuildFile; fileRef = CB898FAA16BACEF4009544EC /* CoreGraphics.framework */; };
		CB898FB116BACEF4009544EC /* InfoPlist.strings in Resources */ = {isa = PBXBuildFile; fileRef = CB898FAF16BACEF4009544EC /* InfoPlist.strings */; };
		CB898FB316BACEF4009544EC /* main.m in Sources */ = {isa = PBXBuildFile; fileRef = CB898FB216BACEF4009544EC /* main.m */; };
		CB898FB716BACEF4009544EC /* AppDelegate.m in Sources */ = {isa = PBXBuildFile; fileRef = CB898FB616BACEF4009544EC /* AppDelegate.m */; };
		CB898FB916BACEF4009544EC /* Default.png in Resources */ = {isa = PBXBuildFile; fileRef = CB898FB816BACEF4009544EC /* Default.png */; };
		CB898FBB16BACEF4009544EC /* Default@2x.png in Resources */ = {isa = PBXBuildFile; fileRef = CB898FBA16BACEF4009544EC /* Default@2x.png */; };
		CB898FBD16BACEF4009544EC /* Default-568h@2x.png in Resources */ = {isa = PBXBuildFile; fileRef = CB898FBC16BACEF4009544EC /* Default-568h@2x.png */; };
		CB898FC016BACEF4009544EC /* MainStoryboard.storyboard in Resources */ = {isa = PBXBuildFile; fileRef = CB898FBE16BACEF4009544EC /* MainStoryboard.storyboard */; };
		CB898FC516BACEF4009544EC /* first.png in Resources */ = {isa = PBXBuildFile; fileRef = CB898FC416BACEF4009544EC /* first.png */; };
		CB898FC716BACEF4009544EC /* first@2x.png in Resources */ = {isa = PBXBuildFile; fileRef = CB898FC616BACEF4009544EC /* first@2x.png */; };
		CB898FCA16BACEF4009544EC /* ProfileViewController.m in Sources */ = {isa = PBXBuildFile; fileRef = CB898FC916BACEF4009544EC /* ProfileViewController.m */; };
		CB898FCC16BACEF4009544EC /* second.png in Resources */ = {isa = PBXBuildFile; fileRef = CB898FCB16BACEF4009544EC /* second.png */; };
		CB898FCE16BACEF4009544EC /* second@2x.png in Resources */ = {isa = PBXBuildFile; fileRef = CB898FCD16BACEF4009544EC /* second@2x.png */; };
		CB898FF016BAD851009544EC /* CFNetwork.framework in Frameworks */ = {isa = PBXBuildFile; fileRef = CB898FE916BAD851009544EC /* CFNetwork.framework */; };
		CB898FF116BAD851009544EC /* CoreData.framework in Frameworks */ = {isa = PBXBuildFile; fileRef = CB898FEA16BAD851009544EC /* CoreData.framework */; };
		CB898FF216BAD851009544EC /* libxml2.dylib in Frameworks */ = {isa = PBXBuildFile; fileRef = CB898FEB16BAD851009544EC /* libxml2.dylib */; };
		CB898FF316BAD851009544EC /* MobileCoreServices.framework in Frameworks */ = {isa = PBXBuildFile; fileRef = CB898FEC16BAD851009544EC /* MobileCoreServices.framework */; };
		CB898FF416BAD851009544EC /* QuartzCore.framework in Frameworks */ = {isa = PBXBuildFile; fileRef = CB898FED16BAD851009544EC /* QuartzCore.framework */; };
		CB898FF516BAD851009544EC /* Security.framework in Frameworks */ = {isa = PBXBuildFile; fileRef = CB898FEE16BAD851009544EC /* Security.framework */; };
		CB898FF616BAD851009544EC /* SystemConfiguration.framework in Frameworks */ = {isa = PBXBuildFile; fileRef = CB898FEF16BAD851009544EC /* SystemConfiguration.framework */; };
		CB898FF916BAE0DA009544EC /* Gym.m in Sources */ = {isa = PBXBuildFile; fileRef = CB898FF816BAE0DA009544EC /* Gym.m */; };
		CB898FFC16BB05D1009544EC /* GymsTableViewController.m in Sources */ = {isa = PBXBuildFile; fileRef = CB898FFB16BB05D0009544EC /* GymsTableViewController.m */; };
		CB93081E16C8B9B9008820B0 /* wall.jpg in Resources */ = {isa = PBXBuildFile; fileRef = CB93081D16C8B9B9008820B0 /* wall.jpg */; };
		CB93082416CB15FE008820B0 /* AddRouteResultViewController.m in Sources */ = {isa = PBXBuildFile; fileRef = CB93082316CB15FD008820B0 /* AddRouteResultViewController.m */; };
		CB93082816CC0663008820B0 /* CreateNewUserViewController.m in Sources */ = {isa = PBXBuildFile; fileRef = CB93082716CC0663008820B0 /* CreateNewUserViewController.m */; };
		CB96BAA516C585AF00D3A832 /* CredentialStore.m in Sources */ = {isa = PBXBuildFile; fileRef = CB96BAA416C585AF00D3A832 /* CredentialStore.m */; };
		CB96BAAC16C58FAC00D3A832 /* LoginViewController.m in Sources */ = {isa = PBXBuildFile; fileRef = CB96BAAB16C58FAC00D3A832 /* LoginViewController.m */; };
		CBBC91B116D2B3B5009E4B86 /* RouteBetaCell.m in Sources */ = {isa = PBXBuildFile; fileRef = CBBC91B016D2B3B5009E4B86 /* RouteBetaCell.m */; };
		CBBC91B716D2BAEB009E4B86 /* Beta.m in Sources */ = {isa = PBXBuildFile; fileRef = CBBC91B616D2BAEB009E4B86 /* Beta.m */; };
		CBBC91BA16D32FB5009E4B86 /* BetaLogTableViewController.m in Sources */ = {isa = PBXBuildFile; fileRef = CBBC91B916D32FB5009E4B86 /* BetaLogTableViewController.m */; };
		CBBE979116BDEAF7000556B7 /* AddGymViewController.m in Sources */ = {isa = PBXBuildFile; fileRef = CBBE979016BDEAF7000556B7 /* AddGymViewController.m */; };
		CBBE979816BDEC2C000556B7 /* AddRouteViewController.m in Sources */ = {isa = PBXBuildFile; fileRef = CBBE979716BDEC2C000556B7 /* AddRouteViewController.m */; };
/* End PBXBuildFile section */

/* Begin PBXContainerItemProxy section */
		CB21F64016BB2736007932EC /* PBXContainerItemProxy */ = {
			isa = PBXContainerItemProxy;
			containerPortal = CB21F63616BB2736007932EC /* RestKit.xcodeproj */;
			proxyType = 2;
			remoteGlobalIDString = 25160D1614564E810060A5C5;
			remoteInfo = RestKit;
		};
		CB21F64216BB2736007932EC /* PBXContainerItemProxy */ = {
			isa = PBXContainerItemProxy;
			containerPortal = CB21F63616BB2736007932EC /* RestKit.xcodeproj */;
			proxyType = 2;
			remoteGlobalIDString = 25160D2614564E820060A5C5;
			remoteInfo = RestKitTests;
		};
		CB21F64416BB2736007932EC /* PBXContainerItemProxy */ = {
			isa = PBXContainerItemProxy;
			containerPortal = CB21F63616BB2736007932EC /* RestKit.xcodeproj */;
			proxyType = 2;
			remoteGlobalIDString = 25160E62145651060060A5C5;
			remoteInfo = RestKitFramework;
		};
		CB21F64616BB2736007932EC /* PBXContainerItemProxy */ = {
			isa = PBXContainerItemProxy;
			containerPortal = CB21F63616BB2736007932EC /* RestKit.xcodeproj */;
			proxyType = 2;
			remoteGlobalIDString = 25160E78145651060060A5C5;
			remoteInfo = RestKitFrameworkTests;
		};
		CB21F64816BB277E007932EC /* PBXContainerItemProxy */ = {
			isa = PBXContainerItemProxy;
			containerPortal = CB21F63616BB2736007932EC /* RestKit.xcodeproj */;
			proxyType = 1;
			remoteGlobalIDString = 25160D1514564E810060A5C5;
			remoteInfo = RestKit;
		};
/* End PBXContainerItemProxy section */

/* Begin PBXFileReference section */
		BA8228C06125478387EC3965 /* Pods.xcconfig */ = {isa = PBXFileReference; includeInIndex = 1; lastKnownFileType = text.xcconfig; name = Pods.xcconfig; path = Pods/Pods.xcconfig; sourceTree = SOURCE_ROOT; };
		CB00AD9716BC627300660FD7 /* UserRouteCompletionCell.h */ = {isa = PBXFileReference; fileEncoding = 4; lastKnownFileType = sourcecode.c.h; path = UserRouteCompletionCell.h; sourceTree = "<group>"; };
		CB00AD9816BC627300660FD7 /* UserRouteCompletionCell.m */ = {isa = PBXFileReference; fileEncoding = 4; lastKnownFileType = sourcecode.c.objc; path = UserRouteCompletionCell.m; sourceTree = "<group>"; };
		CB00AD9A16BC697000660FD7 /* RouteDetailViewController.h */ = {isa = PBXFileReference; fileEncoding = 4; lastKnownFileType = sourcecode.c.h; path = RouteDetailViewController.h; sourceTree = "<group>"; };
		CB00AD9B16BC697000660FD7 /* RouteDetailViewController.m */ = {isa = PBXFileReference; fileEncoding = 4; lastKnownFileType = sourcecode.c.objc; path = RouteDetailViewController.m; sourceTree = "<group>"; };
		CB00AD9E16BC6EAE00660FD7 /* RouteCompletion.h */ = {isa = PBXFileReference; fileEncoding = 4; lastKnownFileType = sourcecode.c.h; path = RouteCompletion.h; sourceTree = "<group>"; };
		CB00AD9F16BC6EAE00660FD7 /* RouteCompletion.m */ = {isa = PBXFileReference; fileEncoding = 4; lastKnownFileType = sourcecode.c.objc; path = RouteCompletion.m; sourceTree = "<group>"; };
		CB00ADA116BC6F2300660FD7 /* User.h */ = {isa = PBXFileReference; fileEncoding = 4; lastKnownFileType = sourcecode.c.h; path = User.h; sourceTree = "<group>"; };
		CB00ADA216BC6F2300660FD7 /* User.m */ = {isa = PBXFileReference; fileEncoding = 4; lastKnownFileType = sourcecode.c.objc; path = User.m; sourceTree = "<group>"; };
		CB167C2316CF0335007E2C8C /* 111-user.png */ = {isa = PBXFileReference; lastKnownFileType = image.png; name = "111-user.png"; path = "../../../../Downloads/glyphish-icons/PNG icons/111-user.png"; sourceTree = "<group>"; };
		CB167C2816CF03BF007E2C8C /* 06-magnify.png */ = {isa = PBXFileReference; lastKnownFileType = image.png; name = "06-magnify.png"; path = "../../../../Downloads/glyphish-icons/PNG icons/06-magnify.png"; sourceTree = "<group>"; };
		CB167C2A16CF7787007E2C8C /* LoginCredentials.h */ = {isa = PBXFileReference; fileEncoding = 4; lastKnownFileType = sourcecode.c.h; path = LoginCredentials.h; sourceTree = "<group>"; };
		CB167C2B16CF7787007E2C8C /* LoginCredentials.m */ = {isa = PBXFileReference; fileEncoding = 4; lastKnownFileType = sourcecode.c.objc; path = LoginCredentials.m; sourceTree = "<group>"; };
		CB167C3016D1ADF5007E2C8C /* 12809070_s.jpg */ = {isa = PBXFileReference; lastKnownFileType = image.jpeg; name = 12809070_s.jpg; path = ../../../../Downloads/12809070_s.jpg; sourceTree = "<group>"; };
		CB18F90616C594DE007D22D0 /* login_background.jpg */ = {isa = PBXFileReference; lastKnownFileType = image.jpeg; path = login_background.jpg; sourceTree = "<group>"; };
		CB21F63616BB2736007932EC /* RestKit.xcodeproj */ = {isa = PBXFileReference; lastKnownFileType = "wrapper.pb-project"; name = RestKit.xcodeproj; path = RestKit/RestKit.xcodeproj; sourceTree = "<group>"; };
		CB21F64F16BB7E6C007932EC /* MappingProvider.h */ = {isa = PBXFileReference; fileEncoding = 4; lastKnownFileType = sourcecode.c.h; path = MappingProvider.h; sourceTree = "<group>"; };
		CB21F65016BB7E6C007932EC /* MappingProvider.m */ = {isa = PBXFileReference; fileEncoding = 4; lastKnownFileType = sourcecode.c.objc; path = MappingProvider.m; sourceTree = "<group>"; };
		CB2682CC16C5C082008E4CBE /* Session.h */ = {isa = PBXFileReference; fileEncoding = 4; lastKnownFileType = sourcecode.c.h; path = Session.h; sourceTree = "<group>"; };
		CB2682CD16C5C082008E4CBE /* Session.m */ = {isa = PBXFileReference; fileEncoding = 4; lastKnownFileType = sourcecode.c.objc; path = Session.m; sourceTree = "<group>"; };
		CB3F1B3116D3657E00400EAD /* AddBetaViewController.h */ = {isa = PBXFileReference; fileEncoding = 4; lastKnownFileType = sourcecode.c.h; path = AddBetaViewController.h; sourceTree = "<group>"; };
		CB3F1B3216D3657E00400EAD /* AddBetaViewController.m */ = {isa = PBXFileReference; fileEncoding = 4; lastKnownFileType = sourcecode.c.objc; path = AddBetaViewController.m; sourceTree = "<group>"; };
		CB5128B716CD898A007102DE /* RecentClimbsCell.h */ = {isa = PBXFileReference; fileEncoding = 4; lastKnownFileType = sourcecode.c.h; path = RecentClimbsCell.h; sourceTree = "<group>"; };
		CB5128B816CD898A007102DE /* RecentClimbsCell.m */ = {isa = PBXFileReference; fileEncoding = 4; lastKnownFileType = sourcecode.c.objc; path = RecentClimbsCell.m; sourceTree = "<group>"; };
		CB5F612716C44FF200AE4C41 /* Global.h */ = {isa = PBXFileReference; fileEncoding = 4; lastKnownFileType = sourcecode.c.h; path = Global.h; sourceTree = "<group>"; };
		CB5F612816C44FF200AE4C41 /* Global.m */ = {isa = PBXFileReference; fileEncoding = 4; lastKnownFileType = sourcecode.c.objc; path = Global.m; sourceTree = "<group>"; };
		CB6BACE416BB8CF400EA2E9F /* Route.h */ = {isa = PBXFileReference; fileEncoding = 4; lastKnownFileType = sourcecode.c.h; path = Route.h; sourceTree = "<group>"; };
		CB6BACE516BB8CF400EA2E9F /* Route.m */ = {isa = PBXFileReference; fileEncoding = 4; lastKnownFileType = sourcecode.c.objc; path = Route.m; sourceTree = "<group>"; };
		CB6BACEA16BC403400EA2E9F /* RoutesTableViewController.h */ = {isa = PBXFileReference; fileEncoding = 4; lastKnownFileType = sourcecode.c.h; path = RoutesTableViewController.h; sourceTree = "<group>"; };
		CB6BACEB16BC403400EA2E9F /* RoutesTableViewController.m */ = {isa = PBXFileReference; fileEncoding = 4; lastKnownFileType = sourcecode.c.objc; path = RoutesTableViewController.m; sourceTree = "<group>"; };
		CB898FA216BACEF4009544EC /* top_this.app */ = {isa = PBXFileReference; explicitFileType = wrapper.application; includeInIndex = 0; path = top_this.app; sourceTree = BUILT_PRODUCTS_DIR; };
		CB898FA616BACEF4009544EC /* UIKit.framework */ = {isa = PBXFileReference; lastKnownFileType = wrapper.framework; name = UIKit.framework; path = System/Library/Frameworks/UIKit.framework; sourceTree = SDKROOT; };
		CB898FA816BACEF4009544EC /* Foundation.framework */ = {isa = PBXFileReference; lastKnownFileType = wrapper.framework; name = Foundation.framework; path = System/Library/Frameworks/Foundation.framework; sourceTree = SDKROOT; };
		CB898FAA16BACEF4009544EC /* CoreGraphics.framework */ = {isa = PBXFileReference; lastKnownFileType = wrapper.framework; name = CoreGraphics.framework; path = System/Library/Frameworks/CoreGraphics.framework; sourceTree = SDKROOT; };
		CB898FAE16BACEF4009544EC /* top_this-Info.plist */ = {isa = PBXFileReference; lastKnownFileType = text.plist.xml; path = "top_this-Info.plist"; sourceTree = "<group>"; };
		CB898FB016BACEF4009544EC /* en */ = {isa = PBXFileReference; lastKnownFileType = text.plist.strings; name = en; path = en.lproj/InfoPlist.strings; sourceTree = "<group>"; };
		CB898FB216BACEF4009544EC /* main.m */ = {isa = PBXFileReference; lastKnownFileType = sourcecode.c.objc; path = main.m; sourceTree = "<group>"; };
		CB898FB416BACEF4009544EC /* top_this-Prefix.pch */ = {isa = PBXFileReference; lastKnownFileType = sourcecode.c.h; path = "top_this-Prefix.pch"; sourceTree = "<group>"; };
		CB898FB516BACEF4009544EC /* AppDelegate.h */ = {isa = PBXFileReference; lastKnownFileType = sourcecode.c.h; path = AppDelegate.h; sourceTree = "<group>"; };
		CB898FB616BACEF4009544EC /* AppDelegate.m */ = {isa = PBXFileReference; lastKnownFileType = sourcecode.c.objc; path = AppDelegate.m; sourceTree = "<group>"; };
		CB898FB816BACEF4009544EC /* Default.png */ = {isa = PBXFileReference; lastKnownFileType = image.png; path = Default.png; sourceTree = "<group>"; };
		CB898FBA16BACEF4009544EC /* Default@2x.png */ = {isa = PBXFileReference; lastKnownFileType = image.png; path = "Default@2x.png"; sourceTree = "<group>"; };
		CB898FBC16BACEF4009544EC /* Default-568h@2x.png */ = {isa = PBXFileReference; lastKnownFileType = image.png; path = "Default-568h@2x.png"; sourceTree = "<group>"; };
		CB898FBF16BACEF4009544EC /* en */ = {isa = PBXFileReference; lastKnownFileType = file.storyboard; name = en; path = en.lproj/MainStoryboard.storyboard; sourceTree = "<group>"; };
		CB898FC416BACEF4009544EC /* first.png */ = {isa = PBXFileReference; lastKnownFileType = image.png; path = first.png; sourceTree = "<group>"; };
		CB898FC616BACEF4009544EC /* first@2x.png */ = {isa = PBXFileReference; lastKnownFileType = image.png; path = "first@2x.png"; sourceTree = "<group>"; };
		CB898FC816BACEF4009544EC /* ProfileViewController.h */ = {isa = PBXFileReference; lastKnownFileType = sourcecode.c.h; path = ProfileViewController.h; sourceTree = "<group>"; };
		CB898FC916BACEF4009544EC /* ProfileViewController.m */ = {isa = PBXFileReference; lastKnownFileType = sourcecode.c.objc; path = ProfileViewController.m; sourceTree = "<group>"; };
		CB898FCB16BACEF4009544EC /* second.png */ = {isa = PBXFileReference; lastKnownFileType = image.png; path = second.png; sourceTree = "<group>"; };
		CB898FCD16BACEF4009544EC /* second@2x.png */ = {isa = PBXFileReference; lastKnownFileType = image.png; path = "second@2x.png"; sourceTree = "<group>"; };
		CB898FE916BAD851009544EC /* CFNetwork.framework */ = {isa = PBXFileReference; lastKnownFileType = wrapper.framework; name = CFNetwork.framework; path = System/Library/Frameworks/CFNetwork.framework; sourceTree = SDKROOT; };
		CB898FEA16BAD851009544EC /* CoreData.framework */ = {isa = PBXFileReference; lastKnownFileType = wrapper.framework; name = CoreData.framework; path = System/Library/Frameworks/CoreData.framework; sourceTree = SDKROOT; };
		CB898FEB16BAD851009544EC /* libxml2.dylib */ = {isa = PBXFileReference; lastKnownFileType = "compiled.mach-o.dylib"; name = libxml2.dylib; path = usr/lib/libxml2.dylib; sourceTree = SDKROOT; };
		CB898FEC16BAD851009544EC /* MobileCoreServices.framework */ = {isa = PBXFileReference; lastKnownFileType = wrapper.framework; name = MobileCoreServices.framework; path = System/Library/Frameworks/MobileCoreServices.framework; sourceTree = SDKROOT; };
		CB898FED16BAD851009544EC /* QuartzCore.framework */ = {isa = PBXFileReference; lastKnownFileType = wrapper.framework; name = QuartzCore.framework; path = System/Library/Frameworks/QuartzCore.framework; sourceTree = SDKROOT; };
		CB898FEE16BAD851009544EC /* Security.framework */ = {isa = PBXFileReference; lastKnownFileType = wrapper.framework; name = Security.framework; path = System/Library/Frameworks/Security.framework; sourceTree = SDKROOT; };
		CB898FEF16BAD851009544EC /* SystemConfiguration.framework */ = {isa = PBXFileReference; lastKnownFileType = wrapper.framework; name = SystemConfiguration.framework; path = System/Library/Frameworks/SystemConfiguration.framework; sourceTree = SDKROOT; };
		CB898FF716BAE0DA009544EC /* Gym.h */ = {isa = PBXFileReference; fileEncoding = 4; lastKnownFileType = sourcecode.c.h; path = Gym.h; sourceTree = "<group>"; };
		CB898FF816BAE0DA009544EC /* Gym.m */ = {isa = PBXFileReference; fileEncoding = 4; lastKnownFileType = sourcecode.c.objc; path = Gym.m; sourceTree = "<group>"; };
		CB898FFA16BB05D0009544EC /* GymsTableViewController.h */ = {isa = PBXFileReference; fileEncoding = 4; lastKnownFileType = sourcecode.c.h; path = GymsTableViewController.h; sourceTree = "<group>"; };
		CB898FFB16BB05D0009544EC /* GymsTableViewController.m */ = {isa = PBXFileReference; fileEncoding = 4; lastKnownFileType = sourcecode.c.objc; path = GymsTableViewController.m; sourceTree = "<group>"; };
		CB93081D16C8B9B9008820B0 /* wall.jpg */ = {isa = PBXFileReference; lastKnownFileType = image.jpeg; name = wall.jpg; path = ../../../../Downloads/wall.jpg; sourceTree = "<group>"; };
		CB93082216CB15FD008820B0 /* AddRouteResultViewController.h */ = {isa = PBXFileReference; fileEncoding = 4; lastKnownFileType = sourcecode.c.h; path = AddRouteResultViewController.h; sourceTree = "<group>"; };
		CB93082316CB15FD008820B0 /* AddRouteResultViewController.m */ = {isa = PBXFileReference; fileEncoding = 4; lastKnownFileType = sourcecode.c.objc; path = AddRouteResultViewController.m; sourceTree = "<group>"; };
		CB93082616CC0662008820B0 /* CreateNewUserViewController.h */ = {isa = PBXFileReference; fileEncoding = 4; lastKnownFileType = sourcecode.c.h; path = CreateNewUserViewController.h; sourceTree = "<group>"; };
		CB93082716CC0663008820B0 /* CreateNewUserViewController.m */ = {isa = PBXFileReference; fileEncoding = 4; lastKnownFileType = sourcecode.c.objc; path = CreateNewUserViewController.m; sourceTree = "<group>"; };
		CB96BAA316C585AF00D3A832 /* CredentialStore.h */ = {isa = PBXFileReference; fileEncoding = 4; lastKnownFileType = sourcecode.c.h; path = CredentialStore.h; sourceTree = "<group>"; };
		CB96BAA416C585AF00D3A832 /* CredentialStore.m */ = {isa = PBXFileReference; fileEncoding = 4; lastKnownFileType = sourcecode.c.objc; path = CredentialStore.m; sourceTree = "<group>"; };
		CB96BAAA16C58FAC00D3A832 /* LoginViewController.h */ = {isa = PBXFileReference; fileEncoding = 4; lastKnownFileType = sourcecode.c.h; path = LoginViewController.h; sourceTree = "<group>"; };
		CB96BAAB16C58FAC00D3A832 /* LoginViewController.m */ = {isa = PBXFileReference; fileEncoding = 4; lastKnownFileType = sourcecode.c.objc; path = LoginViewController.m; sourceTree = "<group>"; };
		CBBC91AF16D2B3B5009E4B86 /* RouteBetaCell.h */ = {isa = PBXFileReference; fileEncoding = 4; lastKnownFileType = sourcecode.c.h; path = RouteBetaCell.h; sourceTree = "<group>"; };
		CBBC91B016D2B3B5009E4B86 /* RouteBetaCell.m */ = {isa = PBXFileReference; fileEncoding = 4; lastKnownFileType = sourcecode.c.objc; path = RouteBetaCell.m; sourceTree = "<group>"; };
		CBBC91B516D2BAEB009E4B86 /* Beta.h */ = {isa = PBXFileReference; fileEncoding = 4; lastKnownFileType = sourcecode.c.h; path = Beta.h; sourceTree = "<group>"; };
		CBBC91B616D2BAEB009E4B86 /* Beta.m */ = {isa = PBXFileReference; fileEncoding = 4; lastKnownFileType = sourcecode.c.objc; path = Beta.m; sourceTree = "<group>"; };
		CBBC91B816D32FB5009E4B86 /* BetaLogTableViewController.h */ = {isa = PBXFileReference; fileEncoding = 4; lastKnownFileType = sourcecode.c.h; path = BetaLogTableViewController.h; sourceTree = "<group>"; };
		CBBC91B916D32FB5009E4B86 /* BetaLogTableViewController.m */ = {isa = PBXFileReference; fileEncoding = 4; lastKnownFileType = sourcecode.c.objc; path = BetaLogTableViewController.m; sourceTree = "<group>"; };
		CBBE978F16BDEAF7000556B7 /* AddGymViewController.h */ = {isa = PBXFileReference; fileEncoding = 4; lastKnownFileType = sourcecode.c.h; path = AddGymViewController.h; sourceTree = "<group>"; };
		CBBE979016BDEAF7000556B7 /* AddGymViewController.m */ = {isa = PBXFileReference; fileEncoding = 4; lastKnownFileType = sourcecode.c.objc; path = AddGymViewController.m; sourceTree = "<group>"; };
		CBBE979616BDEC2C000556B7 /* AddRouteViewController.h */ = {isa = PBXFileReference; fileEncoding = 4; lastKnownFileType = sourcecode.c.h; path = AddRouteViewController.h; sourceTree = "<group>"; };
		CBBE979716BDEC2C000556B7 /* AddRouteViewController.m */ = {isa = PBXFileReference; fileEncoding = 4; lastKnownFileType = sourcecode.c.objc; path = AddRouteViewController.m; sourceTree = "<group>"; };
		CFFD532B2F8843C88310B4D4 /* libPods.a */ = {isa = PBXFileReference; explicitFileType = archive.ar; includeInIndex = 0; path = libPods.a; sourceTree = BUILT_PRODUCTS_DIR; };
/* End PBXFileReference section */

/* Begin PBXFrameworksBuildPhase section */
		CB898F9F16BACEF4009544EC /* Frameworks */ = {
			isa = PBXFrameworksBuildPhase;
			buildActionMask = 2147483647;
			files = (
				CB21F64A16BB2783007932EC /* libRestKit.a in Frameworks */,
				CB898FF016BAD851009544EC /* CFNetwork.framework in Frameworks */,
				CB898FF116BAD851009544EC /* CoreData.framework in Frameworks */,
				CB898FF216BAD851009544EC /* libxml2.dylib in Frameworks */,
				CB898FF316BAD851009544EC /* MobileCoreServices.framework in Frameworks */,
				CB898FF416BAD851009544EC /* QuartzCore.framework in Frameworks */,
				CB898FF516BAD851009544EC /* Security.framework in Frameworks */,
				CB898FF616BAD851009544EC /* SystemConfiguration.framework in Frameworks */,
				CB898FA716BACEF4009544EC /* UIKit.framework in Frameworks */,
				CB898FA916BACEF4009544EC /* Foundation.framework in Frameworks */,
				CB898FAB16BACEF4009544EC /* CoreGraphics.framework in Frameworks */,
				C9FBCDD2FC2A481BBD5FECF1 /* libPods.a in Frameworks */,
			);
			runOnlyForDeploymentPostprocessing = 0;
		};
/* End PBXFrameworksBuildPhase section */

/* Begin PBXGroup section */
		CB21F63716BB2736007932EC /* Products */ = {
			isa = PBXGroup;
			children = (
				CB21F64116BB2736007932EC /* libRestKit.a */,
				CB21F64316BB2736007932EC /* RestKitTests.octest */,
				CB21F64516BB2736007932EC /* RestKit.framework */,
				CB21F64716BB2736007932EC /* RestKitFrameworkTests.octest */,
			);
			name = Products;
			sourceTree = "<group>";
		};
		CB5128BA16CD89A0007102DE /* Table Cells */ = {
			isa = PBXGroup;
			children = (
				CB00AD9716BC627300660FD7 /* UserRouteCompletionCell.h */,
				CB00AD9816BC627300660FD7 /* UserRouteCompletionCell.m */,
				CB5128B716CD898A007102DE /* RecentClimbsCell.h */,
				CB5128B816CD898A007102DE /* RecentClimbsCell.m */,
				CBBC91AF16D2B3B5009E4B86 /* RouteBetaCell.h */,
				CBBC91B016D2B3B5009E4B86 /* RouteBetaCell.m */,
			);
			name = "Table Cells";
			sourceTree = "<group>";
		};
		CB898F9716BACEF4009544EC = {
			isa = PBXGroup;
			children = (
				CB21F63616BB2736007932EC /* RestKit.xcodeproj */,
				CB898FE916BAD851009544EC /* CFNetwork.framework */,
				CB898FEA16BAD851009544EC /* CoreData.framework */,
				CB898FEB16BAD851009544EC /* libxml2.dylib */,
				CB898FEC16BAD851009544EC /* MobileCoreServices.framework */,
				CB898FED16BAD851009544EC /* QuartzCore.framework */,
				CB898FEE16BAD851009544EC /* Security.framework */,
				CB898FEF16BAD851009544EC /* SystemConfiguration.framework */,
				CB898FAC16BACEF4009544EC /* top_this */,
				CB898FA516BACEF4009544EC /* Frameworks */,
				CB898FA316BACEF4009544EC /* Products */,
				BA8228C06125478387EC3965 /* Pods.xcconfig */,
			);
			sourceTree = "<group>";
		};
		CB898FA316BACEF4009544EC /* Products */ = {
			isa = PBXGroup;
			children = (
				CB898FA216BACEF4009544EC /* top_this.app */,
			);
			name = Products;
			sourceTree = "<group>";
		};
		CB898FA516BACEF4009544EC /* Frameworks */ = {
			isa = PBXGroup;
			children = (
				CB898FA616BACEF4009544EC /* UIKit.framework */,
				CB898FA816BACEF4009544EC /* Foundation.framework */,
				CB898FAA16BACEF4009544EC /* CoreGraphics.framework */,
				CFFD532B2F8843C88310B4D4 /* libPods.a */,
			);
			name = Frameworks;
			sourceTree = "<group>";
		};
		CB898FAC16BACEF4009544EC /* top_this */ = {
			isa = PBXGroup;
			children = (
				CB5128BA16CD89A0007102DE /* Table Cells */,
				CBBE979416BDEBA2000556B7 /* Resources */,
				CBBE979316BDEB73000556B7 /* Models */,
				CBBE979216BDEB06000556B7 /* View Controllers */,
				CB898FB516BACEF4009544EC /* AppDelegate.h */,
				CB898FB616BACEF4009544EC /* AppDelegate.m */,
				CB898FBE16BACEF4009544EC /* MainStoryboard.storyboard */,
				CB898FAD16BACEF4009544EC /* Supporting Files */,
			);
			path = top_this;
			sourceTree = "<group>";
		};
		CB898FAD16BACEF4009544EC /* Supporting Files */ = {
			isa = PBXGroup;
			children = (
				CB898FAE16BACEF4009544EC /* top_this-Info.plist */,
				CB898FAF16BACEF4009544EC /* InfoPlist.strings */,
				CB898FB216BACEF4009544EC /* main.m */,
				CB898FB416BACEF4009544EC /* top_this-Prefix.pch */,
				CB898FB816BACEF4009544EC /* Default.png */,
				CB898FBA16BACEF4009544EC /* Default@2x.png */,
				CB898FBC16BACEF4009544EC /* Default-568h@2x.png */,
			);
			name = "Supporting Files";
			sourceTree = "<group>";
		};
		CBBE979216BDEB06000556B7 /* View Controllers */ = {
			isa = PBXGroup;
			children = (
				CB898FC816BACEF4009544EC /* ProfileViewController.h */,
				CB898FC916BACEF4009544EC /* ProfileViewController.m */,
				CB898FFA16BB05D0009544EC /* GymsTableViewController.h */,
				CB898FFB16BB05D0009544EC /* GymsTableViewController.m */,
				CB6BACEA16BC403400EA2E9F /* RoutesTableViewController.h */,
				CB6BACEB16BC403400EA2E9F /* RoutesTableViewController.m */,
				CB00AD9A16BC697000660FD7 /* RouteDetailViewController.h */,
				CB00AD9B16BC697000660FD7 /* RouteDetailViewController.m */,
				CBBE978F16BDEAF7000556B7 /* AddGymViewController.h */,
				CBBE979016BDEAF7000556B7 /* AddGymViewController.m */,
				CBBE979616BDEC2C000556B7 /* AddRouteViewController.h */,
				CBBE979716BDEC2C000556B7 /* AddRouteViewController.m */,
				CB96BAAA16C58FAC00D3A832 /* LoginViewController.h */,
				CB96BAAB16C58FAC00D3A832 /* LoginViewController.m */,
				CB93082216CB15FD008820B0 /* AddRouteResultViewController.h */,
				CB93082316CB15FD008820B0 /* AddRouteResultViewController.m */,
				CB93082616CC0662008820B0 /* CreateNewUserViewController.h */,
				CB93082716CC0663008820B0 /* CreateNewUserViewController.m */,
				CBBC91B816D32FB5009E4B86 /* BetaLogTableViewController.h */,
				CBBC91B916D32FB5009E4B86 /* BetaLogTableViewController.m */,
				CB3F1B3116D3657E00400EAD /* AddBetaViewController.h */,
				CB3F1B3216D3657E00400EAD /* AddBetaViewController.m */,
			);
			name = "View Controllers";
			sourceTree = "<group>";
		};
		CBBE979316BDEB73000556B7 /* Models */ = {
			isa = PBXGroup;
			children = (
				CB21F64F16BB7E6C007932EC /* MappingProvider.h */,
				CB21F65016BB7E6C007932EC /* MappingProvider.m */,
				CB898FF716BAE0DA009544EC /* Gym.h */,
				CB898FF816BAE0DA009544EC /* Gym.m */,
				CB6BACE416BB8CF400EA2E9F /* Route.h */,
				CB6BACE516BB8CF400EA2E9F /* Route.m */,
				CB00ADA116BC6F2300660FD7 /* User.h */,
				CB00ADA216BC6F2300660FD7 /* User.m */,
				CB00AD9E16BC6EAE00660FD7 /* RouteCompletion.h */,
				CB00AD9F16BC6EAE00660FD7 /* RouteCompletion.m */,
				CB5F612716C44FF200AE4C41 /* Global.h */,
				CB5F612816C44FF200AE4C41 /* Global.m */,
				CB96BAA316C585AF00D3A832 /* CredentialStore.h */,
				CB96BAA416C585AF00D3A832 /* CredentialStore.m */,
				CB2682CC16C5C082008E4CBE /* Session.h */,
				CB2682CD16C5C082008E4CBE /* Session.m */,
				CB167C2A16CF7787007E2C8C /* LoginCredentials.h */,
				CB167C2B16CF7787007E2C8C /* LoginCredentials.m */,
				CBBC91B516D2BAEB009E4B86 /* Beta.h */,
				CBBC91B616D2BAEB009E4B86 /* Beta.m */,
			);
			name = Models;
			sourceTree = "<group>";
		};
		CBBE979416BDEBA2000556B7 /* Resources */ = {
			isa = PBXGroup;
			children = (
				CBBE979516BDEBAA000556B7 /* Images */,
			);
			name = Resources;
			sourceTree = "<group>";
		};
		CBBE979516BDEBAA000556B7 /* Images */ = {
			isa = PBXGroup;
			children = (
				CB167C3016D1ADF5007E2C8C /* 12809070_s.jpg */,
				CB167C2816CF03BF007E2C8C /* 06-magnify.png */,
				CB167C2316CF0335007E2C8C /* 111-user.png */,
				CB93081D16C8B9B9008820B0 /* wall.jpg */,
				CB18F90616C594DE007D22D0 /* login_background.jpg */,
				CB898FC416BACEF4009544EC /* first.png */,
				CB898FC616BACEF4009544EC /* first@2x.png */,
				CB898FCB16BACEF4009544EC /* second.png */,
				CB898FCD16BACEF4009544EC /* second@2x.png */,
			);
			name = Images;
			sourceTree = "<group>";
		};
/* End PBXGroup section */

/* Begin PBXNativeTarget section */
		CB898FA116BACEF4009544EC /* top_this */ = {
			isa = PBXNativeTarget;
			buildConfigurationList = CB898FD116BACEF4009544EC /* Build configuration list for PBXNativeTarget "top_this" */;
			buildPhases = (
				CB898F9E16BACEF4009544EC /* Sources */,
				CB898F9F16BACEF4009544EC /* Frameworks */,
				CB898FA016BACEF4009544EC /* Resources */,
				20966F0069854EF1BB639B6A /* Copy Pods Resources */,
			);
			buildRules = (
			);
			dependencies = (
				CB21F64916BB277E007932EC /* PBXTargetDependency */,
			);
			name = top_this;
			productName = top_this;
			productReference = CB898FA216BACEF4009544EC /* top_this.app */;
			productType = "com.apple.product-type.application";
		};
/* End PBXNativeTarget section */

/* Begin PBXProject section */
		CB898F9916BACEF4009544EC /* Project object */ = {
			isa = PBXProject;
			attributes = {
				LastUpgradeCheck = 0450;
				ORGANIZATIONNAME = "Andrew Benson";
			};
			buildConfigurationList = CB898F9C16BACEF4009544EC /* Build configuration list for PBXProject "top_this" */;
			compatibilityVersion = "Xcode 3.2";
			developmentRegion = English;
			hasScannedForEncodings = 0;
			knownRegions = (
				en,
			);
			mainGroup = CB898F9716BACEF4009544EC;
			productRefGroup = CB898FA316BACEF4009544EC /* Products */;
			projectDirPath = "";
			projectReferences = (
				{
					ProductGroup = CB21F63716BB2736007932EC /* Products */;
					ProjectRef = CB21F63616BB2736007932EC /* RestKit.xcodeproj */;
				},
			);
			projectRoot = "";
			targets = (
				CB898FA116BACEF4009544EC /* top_this */,
			);
		};
/* End PBXProject section */

/* Begin PBXReferenceProxy section */
		CB21F64116BB2736007932EC /* libRestKit.a */ = {
			isa = PBXReferenceProxy;
			fileType = archive.ar;
			path = libRestKit.a;
			remoteRef = CB21F64016BB2736007932EC /* PBXContainerItemProxy */;
			sourceTree = BUILT_PRODUCTS_DIR;
		};
		CB21F64316BB2736007932EC /* RestKitTests.octest */ = {
			isa = PBXReferenceProxy;
			fileType = wrapper.cfbundle;
			path = RestKitTests.octest;
			remoteRef = CB21F64216BB2736007932EC /* PBXContainerItemProxy */;
			sourceTree = BUILT_PRODUCTS_DIR;
		};
		CB21F64516BB2736007932EC /* RestKit.framework */ = {
			isa = PBXReferenceProxy;
			fileType = wrapper.framework;
			path = RestKit.framework;
			remoteRef = CB21F64416BB2736007932EC /* PBXContainerItemProxy */;
			sourceTree = BUILT_PRODUCTS_DIR;
		};
		CB21F64716BB2736007932EC /* RestKitFrameworkTests.octest */ = {
			isa = PBXReferenceProxy;
			fileType = wrapper.cfbundle;
			path = RestKitFrameworkTests.octest;
			remoteRef = CB21F64616BB2736007932EC /* PBXContainerItemProxy */;
			sourceTree = BUILT_PRODUCTS_DIR;
		};
/* End PBXReferenceProxy section */

/* Begin PBXResourcesBuildPhase section */
		CB898FA016BACEF4009544EC /* Resources */ = {
			isa = PBXResourcesBuildPhase;
			buildActionMask = 2147483647;
			files = (
				CB898FB116BACEF4009544EC /* InfoPlist.strings in Resources */,
				CB898FB916BACEF4009544EC /* Default.png in Resources */,
				CB898FBB16BACEF4009544EC /* Default@2x.png in Resources */,
				CB898FBD16BACEF4009544EC /* Default-568h@2x.png in Resources */,
				CB898FC016BACEF4009544EC /* MainStoryboard.storyboard in Resources */,
				CB898FC516BACEF4009544EC /* first.png in Resources */,
				CB898FC716BACEF4009544EC /* first@2x.png in Resources */,
				CB898FCC16BACEF4009544EC /* second.png in Resources */,
				CB898FCE16BACEF4009544EC /* second@2x.png in Resources */,
				CB18F90716C594DE007D22D0 /* login_background.jpg in Resources */,
				CB93081E16C8B9B9008820B0 /* wall.jpg in Resources */,
				CB167C2416CF0335007E2C8C /* 111-user.png in Resources */,
				CB167C2916CF03BF007E2C8C /* 06-magnify.png in Resources */,
				CB167C3116D1ADF5007E2C8C /* 12809070_s.jpg in Resources */,
			);
			runOnlyForDeploymentPostprocessing = 0;
		};
/* End PBXResourcesBuildPhase section */

/* Begin PBXShellScriptBuildPhase section */
		20966F0069854EF1BB639B6A /* Copy Pods Resources */ = {
			isa = PBXShellScriptBuildPhase;
			buildActionMask = 2147483647;
			files = (
			);
			inputPaths = (
			);
			name = "Copy Pods Resources";
			outputPaths = (
			);
			runOnlyForDeploymentPostprocessing = 0;
			shellPath = /bin/sh;
			shellScript = "\"${SRCROOT}/Pods/Pods-resources.sh\"\n";
		};
/* End PBXShellScriptBuildPhase section */

/* Begin PBXSourcesBuildPhase section */
		CB898F9E16BACEF4009544EC /* Sources */ = {
			isa = PBXSourcesBuildPhase;
			buildActionMask = 2147483647;
			files = (
				CB898FB316BACEF4009544EC /* main.m in Sources */,
				CB898FB716BACEF4009544EC /* AppDelegate.m in Sources */,
				CB898FCA16BACEF4009544EC /* ProfileViewController.m in Sources */,
				CB898FF916BAE0DA009544EC /* Gym.m in Sources */,
				CB898FFC16BB05D1009544EC /* GymsTableViewController.m in Sources */,
				CB21F65116BB7E6C007932EC /* MappingProvider.m in Sources */,
				CB6BACE616BB8CF400EA2E9F /* Route.m in Sources */,
				CB6BACEC16BC403400EA2E9F /* RoutesTableViewController.m in Sources */,
				CB00AD9916BC627300660FD7 /* UserRouteCompletionCell.m in Sources */,
				CB00AD9C16BC697000660FD7 /* RouteDetailViewController.m in Sources */,
				CB00ADA016BC6EAE00660FD7 /* RouteCompletion.m in Sources */,
				CB00ADA316BC6F2300660FD7 /* User.m in Sources */,
				CBBE979116BDEAF7000556B7 /* AddGymViewController.m in Sources */,
				CBBE979816BDEC2C000556B7 /* AddRouteViewController.m in Sources */,
				CB5F612916C44FF200AE4C41 /* Global.m in Sources */,
				CB96BAA516C585AF00D3A832 /* CredentialStore.m in Sources */,
				CB96BAAC16C58FAC00D3A832 /* LoginViewController.m in Sources */,
				CB2682CE16C5C082008E4CBE /* Session.m in Sources */,
				CB93082416CB15FE008820B0 /* AddRouteResultViewController.m in Sources */,
				CB93082816CC0663008820B0 /* CreateNewUserViewController.m in Sources */,
				CB5128B916CD898A007102DE /* RecentClimbsCell.m in Sources */,
				CB167C2C16CF7787007E2C8C /* LoginCredentials.m in Sources */,
				CBBC91B116D2B3B5009E4B86 /* RouteBetaCell.m in Sources */,
				CBBC91B716D2BAEB009E4B86 /* Beta.m in Sources */,
				CBBC91BA16D32FB5009E4B86 /* BetaLogTableViewController.m in Sources */,
				CB3F1B3316D3657E00400EAD /* AddBetaViewController.m in Sources */,
			);
			runOnlyForDeploymentPostprocessing = 0;
		};
/* End PBXSourcesBuildPhase section */

/* Begin PBXTargetDependency section */
		CB21F64916BB277E007932EC /* PBXTargetDependency */ = {
			isa = PBXTargetDependency;
			name = RestKit;
			targetProxy = CB21F64816BB277E007932EC /* PBXContainerItemProxy */;
		};
/* End PBXTargetDependency section */

/* Begin PBXVariantGroup section */
		CB898FAF16BACEF4009544EC /* InfoPlist.strings */ = {
			isa = PBXVariantGroup;
			children = (
				CB898FB016BACEF4009544EC /* en */,
			);
			name = InfoPlist.strings;
			sourceTree = "<group>";
		};
		CB898FBE16BACEF4009544EC /* MainStoryboard.storyboard */ = {
			isa = PBXVariantGroup;
			children = (
				CB898FBF16BACEF4009544EC /* en */,
			);
			name = MainStoryboard.storyboard;
			sourceTree = "<group>";
		};
/* End PBXVariantGroup section */

/* Begin XCBuildConfiguration section */
		CB898FCF16BACEF4009544EC /* Debug */ = {
			isa = XCBuildConfiguration;
			buildSettings = {
				ALWAYS_SEARCH_USER_PATHS = NO;
				CLANG_CXX_LANGUAGE_STANDARD = "gnu++0x";
				CLANG_CXX_LIBRARY = "libc++";
				CLANG_ENABLE_OBJC_ARC = YES;
				CLANG_WARN_EMPTY_BODY = YES;
				CLANG_WARN__DUPLICATE_METHOD_MATCH = YES;
				"CODE_SIGN_IDENTITY[sdk=iphoneos*]" = "iPhone Developer";
				COPY_PHASE_STRIP = NO;
				GCC_C_LANGUAGE_STANDARD = gnu99;
				GCC_DYNAMIC_NO_PIC = NO;
				GCC_OPTIMIZATION_LEVEL = 0;
				GCC_PREPROCESSOR_DEFINITIONS = (
					"DEBUG=1",
					"$(inherited)",
				);
				GCC_SYMBOLS_PRIVATE_EXTERN = NO;
				GCC_WARN_ABOUT_RETURN_TYPE = YES;
				GCC_WARN_UNINITIALIZED_AUTOS = YES;
				GCC_WARN_UNUSED_VARIABLE = YES;
				HEADER_SEARCH_PATHS = "\"$(BUILT_PRODUCTS_DIR)/../../Headers\"";
				IPHONEOS_DEPLOYMENT_TARGET = 6.0;
				ONLY_ACTIVE_ARCH = YES;
				SDKROOT = iphoneos;
			};
			name = Debug;
		};
		CB898FD016BACEF4009544EC /* Release */ = {
			isa = XCBuildConfiguration;
			buildSettings = {
				ALWAYS_SEARCH_USER_PATHS = NO;
				CLANG_CXX_LANGUAGE_STANDARD = "gnu++0x";
				CLANG_CXX_LIBRARY = "libc++";
				CLANG_ENABLE_OBJC_ARC = YES;
				CLANG_WARN_EMPTY_BODY = YES;
				CLANG_WARN__DUPLICATE_METHOD_MATCH = YES;
				"CODE_SIGN_IDENTITY[sdk=iphoneos*]" = "iPhone Developer";
				COPY_PHASE_STRIP = YES;
				GCC_C_LANGUAGE_STANDARD = gnu99;
				GCC_WARN_ABOUT_RETURN_TYPE = YES;
				GCC_WARN_UNINITIALIZED_AUTOS = YES;
				GCC_WARN_UNUSED_VARIABLE = YES;
				HEADER_SEARCH_PATHS = "\"$(BUILT_PRODUCTS_DIR)/../../Headers\"";
				IPHONEOS_DEPLOYMENT_TARGET = 6.0;
				OTHER_CFLAGS = "-DNS_BLOCK_ASSERTIONS=1";
				SDKROOT = iphoneos;
				VALIDATE_PRODUCT = YES;
			};
			name = Release;
		};
		CB898FD216BACEF4009544EC /* Debug */ = {
			isa = XCBuildConfiguration;
			baseConfigurationReference = BA8228C06125478387EC3965 /* Pods.xcconfig */;
			buildSettings = {
				GCC_PRECOMPILE_PREFIX_HEADER = YES;
				GCC_PREFIX_HEADER = "top_this/top_this-Prefix.pch";
				HEADER_SEARCH_PATHS = (
					"\"$(BUILT_PRODUCTS_DIR)/../../Headers\"",
					"$(inherited)",
				);
				INFOPLIST_FILE = "top_this/top_this-Info.plist";
				OTHER_LDFLAGS = (
					"$(inherited)",
					"-ObjC",
				);
				PRODUCT_NAME = "$(TARGET_NAME)";
				WRAPPER_EXTENSION = app;
			};
			name = Debug;
		};
		CB898FD316BACEF4009544EC /* Release */ = {
			isa = XCBuildConfiguration;
			baseConfigurationReference = BA8228C06125478387EC3965 /* Pods.xcconfig */;
			buildSettings = {
				GCC_PRECOMPILE_PREFIX_HEADER = YES;
				GCC_PREFIX_HEADER = "top_this/top_this-Prefix.pch";
				HEADER_SEARCH_PATHS = (
					"\"$(BUILT_PRODUCTS_DIR)/../../Headers\"",
					"$(inherited)",
				);
				INFOPLIST_FILE = "top_this/top_this-Info.plist";
				ONLY_ACTIVE_ARCH = YES;
				OTHER_LDFLAGS = (
					"$(inherited)",
					"-ObjC",
				);
				PRODUCT_NAME = "$(TARGET_NAME)";
				WRAPPER_EXTENSION = app;
			};
			name = Release;
		};
/* End XCBuildConfiguration section */

/* Begin XCConfigurationList section */
		CB898F9C16BACEF4009544EC /* Build configuration list for PBXProject "top_this" */ = {
			isa = XCConfigurationList;
			buildConfigurations = (
				CB898FCF16BACEF4009544EC /* Debug */,
				CB898FD016BACEF4009544EC /* Release */,
			);
			defaultConfigurationIsVisible = 0;
			defaultConfigurationName = Release;
		};
		CB898FD116BACEF4009544EC /* Build configuration list for PBXNativeTarget "top_this" */ = {
			isa = XCConfigurationList;
			buildConfigurations = (
				CB898FD216BACEF4009544EC /* Debug */,
				CB898FD316BACEF4009544EC /* Release */,
			);
			defaultConfigurationIsVisible = 0;
			defaultConfigurationName = Release;
		};
/* End XCConfigurationList section */
	};
	rootObject = CB898F9916BACEF4009544EC /* Project object */;
}
